// !$*UTF8*$!
{
	archiveVersion = 1;
	classes = {
	};
	objectVersion = 77;
	objects = {

/* Begin PBXContainerItemProxy section */
		8B7A54C12DB2840D008A0870 /* PBXContainerItemProxy */ = {
			isa = PBXContainerItemProxy;
			containerPortal = 8B7A549F2DB2840B008A0870 /* Project object */;
			proxyType = 1;
			remoteGlobalIDString = 8B7A54A62DB2840B008A0870;
			remoteInfo = SwiftSign;
		};
		8B7A54CB2DB2840D008A0870 /* PBXContainerItemProxy */ = {
			isa = PBXContainerItemProxy;
			containerPortal = 8B7A549F2DB2840B008A0870 /* Project object */;
			proxyType = 1;
			remoteGlobalIDString = 8B7A54A62DB2840B008A0870;
			remoteInfo = SwiftSign;
		};
/* End PBXContainerItemProxy section */

/* Begin PBXFileReference section */
		8B7A54A72DB2840B008A0870 /* SwiftSign.app */ = {isa = PBXFileReference; explicitFileType = wrapper.application; includeInIndex = 0; path = SwiftSign.app; sourceTree = BUILT_PRODUCTS_DIR; };
		8B7A54C02DB2840D008A0870 /* SwiftSignTests.xctest */ = {isa = PBXFileReference; explicitFileType = wrapper.cfbundle; includeInIndex = 0; path = SwiftSignTests.xctest; sourceTree = BUILT_PRODUCTS_DIR; };
		8B7A54CA2DB2840D008A0870 /* SwiftSignUITests.xctest */ = {isa = PBXFileReference; explicitFileType = wrapper.cfbundle; includeInIndex = 0; path = SwiftSignUITests.xctest; sourceTree = BUILT_PRODUCTS_DIR; };
/* End PBXFileReference section */

/* Begin PBXFileSystemSynchronizedBuildFileExceptionSet section */
		8B7A54D22DB2840D008A0870 /* Exceptions for "SwiftSign" folder in "SwiftSign" target */ = {
			isa = PBXFileSystemSynchronizedBuildFileExceptionSet;
			membershipExceptions = (
				Info.plist,
			);
			target = 8B7A54A62DB2840B008A0870 /* SwiftSign */;
		};
/* End PBXFileSystemSynchronizedBuildFileExceptionSet section */

/* Begin PBXFileSystemSynchronizedRootGroup section */
		8B7A54A92DB2840B008A0870 /* SwiftSign */ = {
			isa = PBXFileSystemSynchronizedRootGroup;
			exceptions = (
				8B7A54D22DB2840D008A0870 /* Exceptions for "SwiftSign" folder in "SwiftSign" target */,
			);
			path = SwiftSign;
			sourceTree = "<group>";
		};
		8B7A54C32DB2840D008A0870 /* SwiftSignTests */ = {
			isa = PBXFileSystemSynchronizedRootGroup;
			path = SwiftSignTests;
			sourceTree = "<group>";
		};
		8B7A54CD2DB2840D008A0870 /* SwiftSignUITests */ = {
			isa = PBXFileSystemSynchronizedRootGroup;
			path = SwiftSignUITests;
			sourceTree = "<group>";
		};
/* End PBXFileSystemSynchronizedRootGroup section */

/* Begin PBXFrameworksBuildPhase section */
		8B7A54A42DB2840B008A0870 /* Frameworks */ = {
			isa = PBXFrameworksBuildPhase;
			buildActionMask = 2147483647;
			files = (
			);
			runOnlyForDeploymentPostprocessing = 0;
		};
		8B7A54BD2DB2840D008A0870 /* Frameworks */ = {
			isa = PBXFrameworksBuildPhase;
			buildActionMask = 2147483647;
			files = (
			);
			runOnlyForDeploymentPostprocessing = 0;
		};
		8B7A54C72DB2840D008A0870 /* Frameworks */ = {
			isa = PBXFrameworksBuildPhase;
			buildActionMask = 2147483647;
			files = (
			);
			runOnlyForDeploymentPostprocessing = 0;
		};
/* End PBXFrameworksBuildPhase section */

/* Begin PBXGroup section */
		8B7A549E2DB2840B008A0870 = {
			isa = PBXGroup;
			children = (
				8B7A54A92DB2840B008A0870 /* SwiftSign */,
				8B7A54C32DB2840D008A0870 /* SwiftSignTests */,
				8B7A54CD2DB2840D008A0870 /* SwiftSignUITests */,
				8B7A54A82DB2840B008A0870 /* Products */,
			);
			sourceTree = "<group>";
		};
		8B7A54A82DB2840B008A0870 /* Products */ = {
			isa = PBXGroup;
			children = (
				8B7A54A72DB2840B008A0870 /* SwiftSign.app */,
				8B7A54C02DB2840D008A0870 /* SwiftSignTests.xctest */,
				8B7A54CA2DB2840D008A0870 /* SwiftSignUITests.xctest */,
			);
			name = Products;
			sourceTree = "<group>";
		};
/* End PBXGroup section */

/* Begin PBXNativeTarget section */
		8B7A54A62DB2840B008A0870 /* SwiftSign */ = {
			isa = PBXNativeTarget;
			buildConfigurationList = 8B7A54D32DB2840D008A0870 /* Build configuration list for PBXNativeTarget "SwiftSign" */;
			buildPhases = (
				8B7A54A32DB2840B008A0870 /* Sources */,
				8B7A54A42DB2840B008A0870 /* Frameworks */,
				8B7A54A52DB2840B008A0870 /* Resources */,
			);
			buildRules = (
			);
			dependencies = (
			);
			fileSystemSynchronizedGroups = (
				8B7A54A92DB2840B008A0870 /* SwiftSign */,
			);
			name = SwiftSign;
			packageProductDependencies = (
			);
			productName = SwiftSign;
			productReference = 8B7A54A72DB2840B008A0870 /* SwiftSign.app */;
			productType = "com.apple.product-type.application";
		};
		8B7A54BF2DB2840D008A0870 /* SwiftSignTests */ = {
			isa = PBXNativeTarget;
			buildConfigurationList = 8B7A54D82DB2840D008A0870 /* Build configuration list for PBXNativeTarget "SwiftSignTests" */;
			buildPhases = (
				8B7A54BC2DB2840D008A0870 /* Sources */,
				8B7A54BD2DB2840D008A0870 /* Frameworks */,
				8B7A54BE2DB2840D008A0870 /* Resources */,
			);
			buildRules = (
			);
			dependencies = (
				8B7A54C22DB2840D008A0870 /* PBXTargetDependency */,
			);
			fileSystemSynchronizedGroups = (
				8B7A54C32DB2840D008A0870 /* SwiftSignTests */,
			);
			name = SwiftSignTests;
			packageProductDependencies = (
			);
			productName = SwiftSignTests;
			productReference = 8B7A54C02DB2840D008A0870 /* SwiftSignTests.xctest */;
			productType = "com.apple.product-type.bundle.unit-test";
		};
		8B7A54C92DB2840D008A0870 /* SwiftSignUITests */ = {
			isa = PBXNativeTarget;
			buildConfigurationList = 8B7A54DB2DB2840D008A0870 /* Build configuration list for PBXNativeTarget "SwiftSignUITests" */;
			buildPhases = (
				8B7A54C62DB2840D008A0870 /* Sources */,
				8B7A54C72DB2840D008A0870 /* Frameworks */,
				8B7A54C82DB2840D008A0870 /* Resources */,
			);
			buildRules = (
			);
			dependencies = (
				8B7A54CC2DB2840D008A0870 /* PBXTargetDependency */,
			);
			fileSystemSynchronizedGroups = (
				8B7A54CD2DB2840D008A0870 /* SwiftSignUITests */,
			);
			name = SwiftSignUITests;
			packageProductDependencies = (
			);
			productName = SwiftSignUITests;
			productReference = 8B7A54CA2DB2840D008A0870 /* SwiftSignUITests.xctest */;
			productType = "com.apple.product-type.bundle.ui-testing";
		};
/* End PBXNativeTarget section */

/* Begin PBXProject section */
		8B7A549F2DB2840B008A0870 /* Project object */ = {
			isa = PBXProject;
			attributes = {
				BuildIndependentTargetsInParallel = 1;
				LastSwiftUpdateCheck = 1620;
				LastUpgradeCheck = 1620;
				TargetAttributes = {
					8B7A54A62DB2840B008A0870 = {
						CreatedOnToolsVersion = 16.2;
					};
					8B7A54BF2DB2840D008A0870 = {
						CreatedOnToolsVersion = 16.2;
						TestTargetID = 8B7A54A62DB2840B008A0870;
					};
					8B7A54C92DB2840D008A0870 = {
						CreatedOnToolsVersion = 16.2;
						TestTargetID = 8B7A54A62DB2840B008A0870;
					};
				};
			};
			buildConfigurationList = 8B7A54A22DB2840B008A0870 /* Build configuration list for PBXProject "SwiftSign" */;
			developmentRegion = en;
			hasScannedForEncodings = 0;
			knownRegions = (
				en,
				Base,
			);
			mainGroup = 8B7A549E2DB2840B008A0870;
			minimizedProjectReferenceProxies = 1;
			preferredProjectObjectVersion = 77;
			productRefGroup = 8B7A54A82DB2840B008A0870 /* Products */;
			projectDirPath = "";
			projectRoot = "";
			targets = (
				8B7A54A62DB2840B008A0870 /* SwiftSign */,
				8B7A54BF2DB2840D008A0870 /* SwiftSignTests */,
				8B7A54C92DB2840D008A0870 /* SwiftSignUITests */,
			);
		};
/* End PBXProject section */

/* Begin PBXResourcesBuildPhase section */
		8B7A54A52DB2840B008A0870 /* Resources */ = {
			isa = PBXResourcesBuildPhase;
			buildActionMask = 2147483647;
			files = (
			);
			runOnlyForDeploymentPostprocessing = 0;
		};
		8B7A54BE2DB2840D008A0870 /* Resources */ = {
			isa = PBXResourcesBuildPhase;
			buildActionMask = 2147483647;
			files = (
			);
			runOnlyForDeploymentPostprocessing = 0;
		};
		8B7A54C82DB2840D008A0870 /* Resources */ = {
			isa = PBXResourcesBuildPhase;
			buildActionMask = 2147483647;
			files = (
			);
			runOnlyForDeploymentPostprocessing = 0;
		};
/* End PBXResourcesBuildPhase section */

/* Begin PBXSourcesBuildPhase section */
		8B7A54A32DB2840B008A0870 /* Sources */ = {
			isa = PBXSourcesBuildPhase;
			buildActionMask = 2147483647;
			files = (
			);
			runOnlyForDeploymentPostprocessing = 0;
		};
		8B7A54BC2DB2840D008A0870 /* Sources */ = {
			isa = PBXSourcesBuildPhase;
			buildActionMask = 2147483647;
			files = (
			);
			runOnlyForDeploymentPostprocessing = 0;
		};
		8B7A54C62DB2840D008A0870 /* Sources */ = {
			isa = PBXSourcesBuildPhase;
			buildActionMask = 2147483647;
			files = (
			);
			runOnlyForDeploymentPostprocessing = 0;
		};
/* End PBXSourcesBuildPhase section */

/* Begin PBXTargetDependency section */
		8B7A54C22DB2840D008A0870 /* PBXTargetDependency */ = {
			isa = PBXTargetDependency;
			target = 8B7A54A62DB2840B008A0870 /* SwiftSign */;
			targetProxy = 8B7A54C12DB2840D008A0870 /* PBXContainerItemProxy */;
		};
		8B7A54CC2DB2840D008A0870 /* PBXTargetDependency */ = {
			isa = PBXTargetDependency;
			target = 8B7A54A62DB2840B008A0870 /* SwiftSign */;
			targetProxy = 8B7A54CB2DB2840D008A0870 /* PBXContainerItemProxy */;
		};
/* End PBXTargetDependency section */

/* Begin XCBuildConfiguration section */
		8B7A54D42DB2840D008A0870 /* Debug */ = {
			isa = XCBuildConfiguration;
			buildSettings = {
				ASSETCATALOG_COMPILER_APPICON_NAME = AppIcon;
				ASSETCATALOG_COMPILER_GLOBAL_ACCENT_COLOR_NAME = AccentColor;
				CODE_SIGN_STYLE = Automatic;
				CURRENT_PROJECT_VERSION = 1;
				DEVELOPMENT_TEAM = 63SB2B8YJ5;
				GENERATE_INFOPLIST_FILE = YES;
				INFOPLIST_FILE = SwiftSign/Info.plist;
				INFOPLIST_KEY_UIApplicationSupportsIndirectInputEvents = YES;
				INFOPLIST_KEY_UILaunchStoryboardName = LaunchScreen;
				INFOPLIST_KEY_UISupportedInterfaceOrientations_iPad = "UIInterfaceOrientationPortrait UIInterfaceOrientationPortraitUpsideDown UIInterfaceOrientationLandscapeLeft UIInterfaceOrientationLandscapeRight";
				INFOPLIST_KEY_UISupportedInterfaceOrientations_iPhone = "UIInterfaceOrientationPortrait UIInterfaceOrientationLandscapeLeft UIInterfaceOrientationLandscapeRight";
				IPHONEOS_DEPLOYMENT_TARGET = 16.6;
				LD_RUNPATH_SEARCH_PATHS = (
					"$(inherited)",
					"@executable_path/Frameworks",
				);
				MARKETING_VERSION = 1.0;
				PRODUCT_BUNDLE_IDENTIFIER = hwb.SwiftSign;
				PRODUCT_NAME = "$(TARGET_NAME)";
				SWIFT_EMIT_LOC_STRINGS = YES;
				SWIFT_VERSION = 5.0;
				TARGETED_DEVICE_FAMILY = "1,2";
			};
			name = Debug;
		};
		8B7A54D52DB2840D008A0870 /* Release */ = {
			isa = XCBuildConfiguration;
			buildSettings = {
				ASSETCATALOG_COMPILER_APPICON_NAME = AppIcon;
				ASSETCATALOG_COMPILER_GLOBAL_ACCENT_COLOR_NAME = AccentColor;
				CODE_SIGN_STYLE = Automatic;
				CURRENT_PROJECT_VERSION = 1;
				DEVELOPMENT_TEAM = 63SB2B8YJ5;
				GENERATE_INFOPLIST_FILE = YES;
				INFOPLIST_FILE = SwiftSign/Info.plist;
				INFOPLIST_KEY_UIApplicationSupportsIndirectInputEvents = YES;
				INFOPLIST_KEY_UILaunchStoryboardName = LaunchScreen;
				INFOPLIST_KEY_UISupportedInterfaceOrientations_iPad = "UIInterfaceOrientationPortrait UIInterfaceOrientationPortraitUpsideDown UIInterfaceOrientationLandscapeLeft UIInterfaceOrientationLandscapeRight";
				INFOPLIST_KEY_UISupportedInterfaceOrientations_iPhone = "UIInterfaceOrientationPortrait UIInterfaceOrientationLandscapeLeft UIInterfaceOrientationLandscapeRight";
				IPHONEOS_DEPLOYMENT_TARGET = 16.6;
				LD_RUNPATH_SEARCH_PATHS = (
					"$(inherited)",
					"@executable_path/Frameworks",
				);
				MARKETING_VERSION = 1.0;
				PRODUCT_BUNDLE_IDENTIFIER = hwb.SwiftSign;
				PRODUCT_NAME = "$(TARGET_NAME)";
				SWIFT_EMIT_LOC_STRINGS = YES;
				SWIFT_VERSION = 5.0;
				TARGETED_DEVICE_FAMILY = "1,2";
			};
			name = Release;
		};
		8B7A54D62DB2840D008A0870 /* Debug */ = {
			isa = XCBuildConfiguration;
			buildSettings = {
				ALWAYS_SEARCH_USER_PATHS = NO;
				ASSETCATALOG_COMPILER_GENERATE_SWIFT_ASSET_SYMBOL_EXTENSIONS = YES;
				CLANG_ANALYZER_NONNULL = YES;
				CLANG_ANALYZER_NUMBER_OBJECT_CONVERSION = YES_AGGRESSIVE;
				CLANG_CXX_LANGUAGE_STANDARD = "gnu++20";
				CLANG_ENABLE_MODULES = YES;
				CLANG_ENABLE_OBJC_ARC = YES;
				CLANG_ENABLE_OBJC_WEAK = YES;
				CLANG_WARN_BLOCK_CAPTURE_AUTORELEASING = YES;
				CLANG_WARN_BOOL_CONVERSION = YES;
				CLANG_WARN_COMMA = YES;
				CLANG_WARN_CONSTANT_CONVERSION = YES;
				CLANG_WARN_DEPRECATED_OBJC_IMPLEMENTATIONS = YES;
				CLANG_WARN_DIRECT_OBJC_ISA_USAGE = YES_ERROR;
				CLANG_WARN_DOCUMENTATION_COMMENTS = YES;
				CLANG_WARN_EMPTY_BODY = YES;
				CLANG_WARN_ENUM_CONVERSION = YES;
				CLANG_WARN_INFINITE_RECURSION = YES;
				CLANG_WARN_INT_CONVERSION = YES;
				CLANG_WARN_NON_LITERAL_NULL_CONVERSION = YES;
				CLANG_WARN_OBJC_IMPLICIT_RETAIN_SELF = YES;
				CLANG_WARN_OBJC_LITERAL_CONVERSION = YES;
				CLANG_WARN_OBJC_ROOT_CLASS = YES_ERROR;
				CLANG_WARN_QUOTED_INCLUDE_IN_FRAMEWORK_HEADER = YES;
				CLANG_WARN_RANGE_LOOP_ANALYSIS = YES;
				CLANG_WARN_STRICT_PROTOTYPES = YES;
				CLANG_WARN_SUSPICIOUS_MOVE = YES;
				CLANG_WARN_UNGUARDED_AVAILABILITY = YES_AGGRESSIVE;
				CLANG_WARN_UNREACHABLE_CODE = YES;
				CLANG_WARN__DUPLICATE_METHOD_MATCH = YES;
				COPY_PHASE_STRIP = NO;
				DEBUG_INFORMATION_FORMAT = dwarf;
				ENABLE_STRICT_OBJC_MSGSEND = YES;
				ENABLE_TESTABILITY = YES;
				ENABLE_USER_SCRIPT_SANDBOXING = YES;
				GCC_C_LANGUAGE_STANDARD = gnu17;
				GCC_DYNAMIC_NO_PIC = NO;
				GCC_NO_COMMON_BLOCKS = YES;
				GCC_OPTIMIZATION_LEVEL = 0;
				GCC_PREPROCESSOR_DEFINITIONS = (
					"DEBUG=1",
					"$(inherited)",
				);
				GCC_WARN_64_TO_32_BIT_CONVERSION = YES;
				GCC_WARN_ABOUT_RETURN_TYPE = YES_ERROR;
				GCC_WARN_UNDECLARED_SELECTOR = YES;
				GCC_WARN_UNINITIALIZED_AUTOS = YES_AGGRESSIVE;
				GCC_WARN_UNUSED_FUNCTION = YES;
				GCC_WARN_UNUSED_VARIABLE = YES;
				IPHONEOS_DEPLOYMENT_TARGET = 18.2;
				LOCALIZATION_PREFERS_STRING_CATALOGS = YES;
				MTL_ENABLE_DEBUG_INFO = INCLUDE_SOURCE;
				MTL_FAST_MATH = YES;
				ONLY_ACTIVE_ARCH = YES;
				SDKROOT = iphoneos;
				SWIFT_ACTIVE_COMPILATION_CONDITIONS = "DEBUG $(inherited)";
				SWIFT_OPTIMIZATION_LEVEL = "-Onone";
			};
			name = Debug;
		};
		8B7A54D72DB2840D008A0870 /* Release */ = {
			isa = XCBuildConfiguration;
			buildSettings = {
				ALWAYS_SEARCH_USER_PATHS = NO;
				ASSETCATALOG_COMPILER_GENERATE_SWIFT_ASSET_SYMBOL_EXTENSIONS = YES;
				CLANG_ANALYZER_NONNULL = YES;
				CLANG_ANALYZER_NUMBER_OBJECT_CONVERSION = YES_AGGRESSIVE;
				CLANG_CXX_LANGUAGE_STANDARD = "gnu++20";
				CLANG_ENABLE_MODULES = YES;
				CLANG_ENABLE_OBJC_ARC = YES;
				CLANG_ENABLE_OBJC_WEAK = YES;
				CLANG_WARN_BLOCK_CAPTURE_AUTORELEASING = YES;
				CLANG_WARN_BOOL_CONVERSION = YES;
				CLANG_WARN_COMMA = YES;
				CLANG_WARN_CONSTANT_CONVERSION = YES;
				CLANG_WARN_DEPRECATED_OBJC_IMPLEMENTATIONS = YES;
				CLANG_WARN_DIRECT_OBJC_ISA_USAGE = YES_ERROR;
				CLANG_WARN_DOCUMENTATION_COMMENTS = YES;
				CLANG_WARN_EMPTY_BODY = YES;
				CLANG_WARN_ENUM_CONVERSION = YES;
				CLANG_WARN_INFINITE_RECURSION = YES;
				CLANG_WARN_INT_CONVERSION = YES;
				CLANG_WARN_NON_LITERAL_NULL_CONVERSION = YES;
				CLANG_WARN_OBJC_IMPLICIT_RETAIN_SELF = YES;
				CLANG_WARN_OBJC_LITERAL_CONVERSION = YES;
				CLANG_WARN_OBJC_ROOT_CLASS = YES_ERROR;
				CLANG_WARN_QUOTED_INCLUDE_IN_FRAMEWORK_HEADER = YES;
				CLANG_WARN_RANGE_LOOP_ANALYSIS = YES;
				CLANG_WARN_STRICT_PROTOTYPES = YES;
				CLANG_WARN_SUSPICIOUS_MOVE = YES;
				CLANG_WARN_UNGUARDED_AVAILABILITY = YES_AGGRESSIVE;
				CLANG_WARN_UNREACHABLE_CODE = YES;
				CLANG_WARN__DUPLICATE_METHOD_MATCH = YES;
				COPY_PHASE_STRIP = NO;
				DEBUG_INFORMATION_FORMAT = "dwarf-with-dsym";
				ENABLE_NS_ASSERTIONS = NO;
				ENABLE_STRICT_OBJC_MSGSEND = YES;
				ENABLE_USER_SCRIPT_SANDBOXING = YES;
				GCC_C_LANGUAGE_STANDARD = gnu17;
				GCC_NO_COMMON_BLOCKS = YES;
				GCC_WARN_64_TO_32_BIT_CONVERSION = YES;
				GCC_WARN_ABOUT_RETURN_TYPE = YES_ERROR;
				GCC_WARN_UNDECLARED_SELECTOR = YES;
				GCC_WARN_UNINITIALIZED_AUTOS = YES_AGGRESSIVE;
				GCC_WARN_UNUSED_FUNCTION = YES;
				GCC_WARN_UNUSED_VARIABLE = YES;
				IPHONEOS_DEPLOYMENT_TARGET = 18.2;
				LOCALIZATION_PREFERS_STRING_CATALOGS = YES;
				MTL_ENABLE_DEBUG_INFO = NO;
				MTL_FAST_MATH = YES;
				SDKROOT = iphoneos;
				SWIFT_COMPILATION_MODE = wholemodule;
				VALIDATE_PRODUCT = YES;
			};
			name = Release;
		};
		8B7A54D92DB2840D008A0870 /* Debug */ = {
			isa = XCBuildConfiguration;
			buildSettings = {
				BUNDLE_LOADER = "$(TEST_HOST)";
				CODE_SIGN_STYLE = Automatic;
				CURRENT_PROJECT_VERSION = 1;
				DEVELOPMENT_TEAM = 63SB2B8YJ5;
				GENERATE_INFOPLIST_FILE = YES;
				IPHONEOS_DEPLOYMENT_TARGET = 18.2;
				MARKETING_VERSION = 1.0;
				PRODUCT_BUNDLE_IDENTIFIER = hwb.SwiftSignTests;
				PRODUCT_NAME = "$(TARGET_NAME)";
				SWIFT_EMIT_LOC_STRINGS = NO;
				SWIFT_VERSION = 5.0;
				TARGETED_DEVICE_FAMILY = "1,2";
				TEST_HOST = "$(BUILT_PRODUCTS_DIR)/SwiftSign.app/$(BUNDLE_EXECUTABLE_FOLDER_PATH)/SwiftSign";
			};
			name = Debug;
		};
		8B7A54DA2DB2840D008A0870 /* Release */ = {
			isa = XCBuildConfiguration;
			buildSettings = {
				BUNDLE_LOADER = "$(TEST_HOST)";
				CODE_SIGN_STYLE = Automatic;
				CURRENT_PROJECT_VERSION = 1;
				DEVELOPMENT_TEAM = 63SB2B8YJ5;
				GENERATE_INFOPLIST_FILE = YES;
				IPHONEOS_DEPLOYMENT_TARGET = 18.2;
				MARKETING_VERSION = 1.0;
				PRODUCT_BUNDLE_IDENTIFIER = hwb.SwiftSignTests;
				PRODUCT_NAME = "$(TARGET_NAME)";
				SWIFT_EMIT_LOC_STRINGS = NO;
				SWIFT_VERSION = 5.0;
				TARGETED_DEVICE_FAMILY = "1,2";
				TEST_HOST = "$(BUILT_PRODUCTS_DIR)/SwiftSign.app/$(BUNDLE_EXECUTABLE_FOLDER_PATH)/SwiftSign";
			};
			name = Release;
		};
		8B7A54DC2DB2840D008A0870 /* Debug */ = {
			isa = XCBuildConfiguration;
			buildSettings = {
				CODE_SIGN_STYLE = Automatic;
				CURRENT_PROJECT_VERSION = 1;
				DEVELOPMENT_TEAM = 63SB2B8YJ5;
				GENERATE_INFOPLIST_FILE = YES;
				MARKETING_VERSION = 1.0;
				PRODUCT_BUNDLE_IDENTIFIER = hwb.SwiftSignUITests;
				PRODUCT_NAME = "$(TARGET_NAME)";
				SWIFT_EMIT_LOC_STRINGS = NO;
				SWIFT_VERSION = 5.0;
				TARGETED_DEVICE_FAMILY = "1,2";
				TEST_TARGET_NAME = SwiftSign;
			};
			name = Debug;
		};
		8B7A54DD2DB2840D008A0870 /* Release */ = {
			isa = XCBuildConfiguration;
			buildSettings = {
				CODE_SIGN_STYLE = Automatic;
				CURRENT_PROJECT_VERSION = 1;
				DEVELOPMENT_TEAM = 63SB2B8YJ5;
				GENERATE_INFOPLIST_FILE = YES;
				MARKETING_VERSION = 1.0;
				PRODUCT_BUNDLE_IDENTIFIER = hwb.SwiftSignUITests;
				PRODUCT_NAME = "$(TARGET_NAME)";
				SWIFT_EMIT_LOC_STRINGS = NO;
				SWIFT_VERSION = 5.0;
				TARGETED_DEVICE_FAMILY = "1,2";
				TEST_TARGET_NAME = SwiftSign;
			};
			name = Release;
		};
/* End XCBuildConfiguration section */

/* Begin XCConfigurationList section */
		8B7A54A22DB2840B008A0870 /* Build configuration list for PBXProject "SwiftSign" */ = {
			isa = XCConfigurationList;
			buildConfigurations = (
				8B7A54D62DB2840D008A0870 /* Debug */,
				8B7A54D72DB2840D008A0870 /* Release */,
			);
			defaultConfigurationIsVisible = 0;
			defaultConfigurationName = Release;
		};
		8B7A54D32DB2840D008A0870 /* Build configuration list for PBXNativeTarget "SwiftSign" */ = {
			isa = XCConfigurationList;
			buildConfigurations = (
				8B7A54D42DB2840D008A0870 /* Debug */,
				8B7A54D52DB2840D008A0870 /* Release */,
			);
			defaultConfigurationIsVisible = 0;
			defaultConfigurationName = Release;
		};
		8B7A54D82DB2840D008A0870 /* Build configuration list for PBXNativeTarget "SwiftSignTests" */ = {
			isa = XCConfigurationList;
			buildConfigurations = (
				8B7A54D92DB2840D008A0870 /* Debug */,
				8B7A54DA2DB2840D008A0870 /* Release */,
			);
			defaultConfigurationIsVisible = 0;
			defaultConfigurationName = Release;
		};
		8B7A54DB2DB2840D008A0870 /* Build configuration list for PBXNativeTarget "SwiftSignUITests" */ = {
			isa = XCConfigurationList;
			buildConfigurations = (
				8B7A54DC2DB2840D008A0870 /* Debug */,
				8B7A54DD2DB2840D008A0870 /* Release */,
			);
			defaultConfigurationIsVisible = 0;
			defaultConfigurationName = Release;
		};
/* End XCConfigurationList section */
	};
	rootObject = 8B7A549F2DB2840B008A0870 /* Project object */;
}
